
Microsoft Visual Studio Solution File, Format Version 12.00
# Visual Studio Version 16
VisualStudioVersion = 16.0.31129.286
MinimumVisualStudioVersion = 10.0.40219.1
Project("{FAE04EC0-301F-11D3-BF4B-00C04F79EFBC}") = "Fotowoltaika_Aplikacja", "Fotowoltaika_Aplikacja\Fotowoltaika_Aplikacja.csproj", "{92DC9A9C-5967-49E4-9045-CEC0012F036C}"
EndProject
Global
	GlobalSection(SolutionConfigurationPlatforms) = preSolution
		Debug|Any CPU = Debug|Any CPU
		Release|Any CPU = Release|Any CPU
	EndGlobalSection
	GlobalSection(ProjectConfigurationPlatforms) = postSolution
		{92DC9A9C-5967-49E4-9045-CEC0012F036C}.Debug|Any CPU.ActiveCfg = Debug|Any CPU
		{92DC9A9C-5967-49E4-9045-CEC0012F036C}.Debug|Any CPU.Build.0 = Debug|Any CPU
		{92DC9A9C-5967-49E4-9045-CEC0012F036C}.Release|Any CPU.ActiveCfg = Release|Any CPU
		{92DC9A9C-5967-49E4-9045-CEC0012F036C}.Release|Any CPU.Build.0 = Release|Any CPU
	EndGlobalSection
	GlobalSection(SolutionProperties) = preSolution
		HideSolutionNode = FALSE
	EndGlobalSection
	GlobalSection(ExtensibilityGlobals) = postSolution
		SolutionGuid = {30249C61-AF50-4B97-AFF0-97A4B2BF62C5}
	EndGlobalSection
EndGlobal
